
Microsoft Visual Studio Solution File, Format Version 12.00
# Visual Studio 15
VisualStudioVersion = 15.0.28010.2036
MinimumVisualStudioVersion = 10.0.40219.1
Project("{FAE04EC0-301F-11D3-BF4B-00C04F79EFBC}") = "FrequencyChartGenerator", "FrequencyChartGenerator\FrequencyChartGenerator.csproj", "{C8EC9D6E-BA42-4A42-AEB3-6F1BC8FA0262}"
EndProject
Global
	GlobalSection(SolutionConfigurationPlatforms) = preSolution
		Debug|Any CPU = Debug|Any CPU
		Release|Any CPU = Release|Any CPU
	EndGlobalSection
	GlobalSection(ProjectConfigurationPlatforms) = postSolution
		{C8EC9D6E-BA42-4A42-AEB3-6F1BC8FA0262}.Debug|Any CPU.ActiveCfg = Debug|Any CPU
		{C8EC9D6E-BA42-4A42-AEB3-6F1BC8FA0262}.Debug|Any CPU.Build.0 = Debug|Any CPU
		{C8EC9D6E-BA42-4A42-AEB3-6F1BC8FA0262}.Release|Any CPU.ActiveCfg = Release|Any CPU
		{C8EC9D6E-BA42-4A42-AEB3-6F1BC8FA0262}.Release|Any CPU.Build.0 = Release|Any CPU
	EndGlobalSection
	GlobalSection(SolutionProperties) = preSolution
		HideSolutionNode = FALSE
	EndGlobalSection
	GlobalSection(ExtensibilityGlobals) = postSolution
		SolutionGuid = {6B17C3D3-5C05-4F47-956B-859F93530972}
	EndGlobalSection
EndGlobal
